
Microsoft Visual Studio Solution File, Format Version 12.00
# Visual Studio Version 17
VisualStudioVersion = 17.5.33424.131
MinimumVisualStudioVersion = 10.0.40219.1
Project("{2150E333-8FDC-42A3-9474-1A3956D46DE8}") = "Services", "Services", "{D54E55A1-3BC5-4019-BBDE-05BE11940796}"
EndProject
Project("{2150E333-8FDC-42A3-9474-1A3956D46DE8}") = "Catalog", "Catalog", "{28F43C9A-048A-4F0F-9632-B6C76300DF1A}"
EndProject
Project("{FAE04EC0-301F-11D3-BF4B-00C04F79EFBC}") = "Catalog.API", "Services\Catalog\Catalog.API\Catalog.API.csproj", "{F6AB0E6F-4E0F-431A-9A75-252A66ED52BE}"
EndProject
Project("{E53339B2-1760-4266-BCC7-CA923CBCF16C}") = "docker-compose", "docker-compose.dcproj", "{9D915C0E-8739-40F8-96C0-F6C2FAD03886}"
EndProject
Project("{2150E333-8FDC-42A3-9474-1A3956D46DE8}") = "Basket", "Basket", "{CD83FE15-2924-4DE7-92FC-EB32027A5F52}"
EndProject
Project("{FAE04EC0-301F-11D3-BF4B-00C04F79EFBC}") = "Basket.API", "Services\Basket\Basket.API\Basket.API.csproj", "{02AEF6C4-E63C-4C4D-B894-49ADA8D17B15}"
EndProject
Project("{2150E333-8FDC-42A3-9474-1A3956D46DE8}") = "Discount", "Discount", "{0C397D72-11AC-4107-84AA-B34994873410}"
EndProject
Project("{FAE04EC0-301F-11D3-BF4B-00C04F79EFBC}") = "Discount.API", "Services\Discount\Discount.API\Discount.API.csproj", "{39CFEECC-4318-4E84-9EA0-969451DA1388}"
EndProject
Global
	GlobalSection(SolutionConfigurationPlatforms) = preSolution
		Debug|Any CPU = Debug|Any CPU
		Release|Any CPU = Release|Any CPU
	EndGlobalSection
	GlobalSection(ProjectConfigurationPlatforms) = postSolution
		{F6AB0E6F-4E0F-431A-9A75-252A66ED52BE}.Debug|Any CPU.ActiveCfg = Debug|Any CPU
		{F6AB0E6F-4E0F-431A-9A75-252A66ED52BE}.Debug|Any CPU.Build.0 = Debug|Any CPU
		{F6AB0E6F-4E0F-431A-9A75-252A66ED52BE}.Release|Any CPU.ActiveCfg = Release|Any CPU
		{F6AB0E6F-4E0F-431A-9A75-252A66ED52BE}.Release|Any CPU.Build.0 = Release|Any CPU
		{9D915C0E-8739-40F8-96C0-F6C2FAD03886}.Debug|Any CPU.ActiveCfg = Debug|Any CPU
		{9D915C0E-8739-40F8-96C0-F6C2FAD03886}.Debug|Any CPU.Build.0 = Debug|Any CPU
		{9D915C0E-8739-40F8-96C0-F6C2FAD03886}.Release|Any CPU.ActiveCfg = Release|Any CPU
		{9D915C0E-8739-40F8-96C0-F6C2FAD03886}.Release|Any CPU.Build.0 = Release|Any CPU
		{02AEF6C4-E63C-4C4D-B894-49ADA8D17B15}.Debug|Any CPU.ActiveCfg = Debug|Any CPU
		{02AEF6C4-E63C-4C4D-B894-49ADA8D17B15}.Debug|Any CPU.Build.0 = Debug|Any CPU
		{02AEF6C4-E63C-4C4D-B894-49ADA8D17B15}.Release|Any CPU.ActiveCfg = Release|Any CPU
		{02AEF6C4-E63C-4C4D-B894-49ADA8D17B15}.Release|Any CPU.Build.0 = Release|Any CPU
		{39CFEECC-4318-4E84-9EA0-969451DA1388}.Debug|Any CPU.ActiveCfg = Debug|Any CPU
		{39CFEECC-4318-4E84-9EA0-969451DA1388}.Debug|Any CPU.Build.0 = Debug|Any CPU
		{39CFEECC-4318-4E84-9EA0-969451DA1388}.Release|Any CPU.ActiveCfg = Release|Any CPU
		{39CFEECC-4318-4E84-9EA0-969451DA1388}.Release|Any CPU.Build.0 = Release|Any CPU
	EndGlobalSection
	GlobalSection(SolutionProperties) = preSolution
		HideSolutionNode = FALSE
	EndGlobalSection
	GlobalSection(NestedProjects) = preSolution
		{28F43C9A-048A-4F0F-9632-B6C76300DF1A} = {D54E55A1-3BC5-4019-BBDE-05BE11940796}
		{F6AB0E6F-4E0F-431A-9A75-252A66ED52BE} = {28F43C9A-048A-4F0F-9632-B6C76300DF1A}
		{CD83FE15-2924-4DE7-92FC-EB32027A5F52} = {D54E55A1-3BC5-4019-BBDE-05BE11940796}
		{02AEF6C4-E63C-4C4D-B894-49ADA8D17B15} = {CD83FE15-2924-4DE7-92FC-EB32027A5F52}
		{0C397D72-11AC-4107-84AA-B34994873410} = {D54E55A1-3BC5-4019-BBDE-05BE11940796}
		{39CFEECC-4318-4E84-9EA0-969451DA1388} = {0C397D72-11AC-4107-84AA-B34994873410}
	EndGlobalSection
	GlobalSection(ExtensibilityGlobals) = postSolution
		SolutionGuid = {41537828-7056-48CF-8E18-E7DD73374EAB}
	EndGlobalSection
EndGlobal
