
Microsoft Visual Studio Solution File, Format Version 12.00
# Visual Studio Version 17
VisualStudioVersion = 17.5.33424.131
MinimumVisualStudioVersion = 10.0.40219.1
Project("{2150E333-8FDC-42A3-9474-1A3956D46DE8}") = "Services", "Services", "{D54E55A1-3BC5-4019-BBDE-05BE11940796}"
EndProject
Project("{2150E333-8FDC-42A3-9474-1A3956D46DE8}") = "Catalog", "Catalog", "{28F43C9A-048A-4F0F-9632-B6C76300DF1A}"
EndProject
Project("{9A19103F-16F7-4668-BE54-9A1E7A4F7556}") = "Catalog.API", "Services\Catalog\Catalog.API\Catalog.API.csproj", "{F6AB0E6F-4E0F-431A-9A75-252A66ED52BE}"
EndProject
Project("{2150E333-8FDC-42A3-9474-1A3956D46DE8}") = "Basket", "Basket", "{CD83FE15-2924-4DE7-92FC-EB32027A5F52}"
EndProject
Project("{9A19103F-16F7-4668-BE54-9A1E7A4F7556}") = "Basket.API", "Services\Basket\Basket.API\Basket.API.csproj", "{02AEF6C4-E63C-4C4D-B894-49ADA8D17B15}"
EndProject
Project("{2150E333-8FDC-42A3-9474-1A3956D46DE8}") = "Discount", "Discount", "{0C397D72-11AC-4107-84AA-B34994873410}"
EndProject
Project("{9A19103F-16F7-4668-BE54-9A1E7A4F7556}") = "Discount.API", "Services\Discount\Discount.API\Discount.API.csproj", "{39CFEECC-4318-4E84-9EA0-969451DA1388}"
EndProject
Project("{2150E333-8FDC-42A3-9474-1A3956D46DE8}") = "Movies", "Movies", "{9540EEBD-15B3-4903-9690-3545EA843CE0}"
EndProject
Project("{9A19103F-16F7-4668-BE54-9A1E7A4F7556}") = "Movies.API", "Services\Movies\Movies.API\Movies.API.csproj", "{300E670A-9ADA-4917-8175-652A3125C08E}"
EndProject
Project("{2150E333-8FDC-42A3-9474-1A3956D46DE8}") = "IdentityServer", "IdentityServer", "{7AA406D6-6595-4F7D-98C8-D72AD01CB35F}"
EndProject
Project("{9A19103F-16F7-4668-BE54-9A1E7A4F7556}") = "IdentityServer", "Services\IdentityServer\IdentityServer\IdentityServer.csproj", "{1967D597-5ADC-49D3-80C4-0B7D3725B74A}"
EndProject
Project("{9A19103F-16F7-4668-BE54-9A1E7A4F7556}") = "Movies.Client", "Services\Movies\Movies.Client\Movies.Client.csproj", "{ECB7D84A-0933-4914-972F-F7CE1A20D9B5}"
EndProject
Project("{2150E333-8FDC-42A3-9474-1A3956D46DE8}") = "APIGetway", "APIGetway", "{D60A9BAA-A25C-4ED7-B5A9-C1DC43685962}"
EndProject
Project("{9A19103F-16F7-4668-BE54-9A1E7A4F7556}") = "APIGetway", "Services\APIGetway\APIGetway\APIGetway.csproj", "{D7C79F1C-1C29-4836-8CF3-E6F2FFE35AA0}"
EndProject
Project("{2150E333-8FDC-42A3-9474-1A3956D46DE8}") = "Security", "Security", "{BE2A6291-D0D3-477C-9E9C-98B03E4E3257}"
EndProject
Project("{9A19103F-16F7-4668-BE54-9A1E7A4F7556}") = "WebApp_UnderTheHood", "Services\Security\WebApp_UnderTheHood\WebApp_UnderTheHood.csproj", "{93F5434F-1B23-4767-9586-BD95700BA18C}"
EndProject
Project("{9A19103F-16F7-4668-BE54-9A1E7A4F7556}") = "Web API", "Services\Security\Web API\Web API.csproj", "{3A0C08F7-745B-4C6A-BCD4-12AC3E0A43BA}"
EndProject
Project("{9A19103F-16F7-4668-BE54-9A1E7A4F7556}") = "WebApp", "Services\Security\WebApp\WebApp.csproj", "{BB64F5B2-59FB-4C33-8986-8DFCE62BC558}"
EndProject
Project("{2150E333-8FDC-42A3-9474-1A3956D46DE8}") = "Practice", "Practice", "{CEA9F524-5CD9-4CEF-B03E-1C216340ABA5}"
EndProject
Project("{9A19103F-16F7-4668-BE54-9A1E7A4F7556}") = "CoffeeAPI", "Services\Practice\CoffeeAPI\CoffeeAPI.csproj", "{4A984DEA-0400-4B63-8098-0979512B3AA9}"
EndProject
Project("{9A19103F-16F7-4668-BE54-9A1E7A4F7556}") = "CoffeeDataAccess", "CoffeeDataAccess\CoffeeDataAccess.csproj", "{E489062C-BA98-495A-A107-1A5213EB55B8}"
EndProject
Project("{9A19103F-16F7-4668-BE54-9A1E7A4F7556}") = "NewServer", "Services\IdentityServer\NewServer\NewServer.csproj", "{2828905C-CA7A-472E-AFAC-E3C4B410951D}"
EndProject
Project("{9A19103F-16F7-4668-BE54-9A1E7A4F7556}") = "CoffeeClient", "Services\Practice\CoffeeClient\CoffeeClient.csproj", "{F69C726A-C025-489A-9045-2E9B85108509}"
EndProject
Project("{9A19103F-16F7-4668-BE54-9A1E7A4F7556}") = "TestAPI", "Services\Practice\TestAPI\TestAPI.csproj", "{7A8C11AD-DDB7-4E76-86D1-1E99FB5B8A58}"
EndProject
Project("{FAE04EC0-301F-11D3-BF4B-00C04F79EFBC}") = "NetCore8", "NetCore8\NetCore8.csproj", "{1B1067A0-19B9-4DC9-8256-12990438F7E7}"
EndProject
Global
	GlobalSection(SolutionConfigurationPlatforms) = preSolution
		Debug|Any CPU = Debug|Any CPU
		Release|Any CPU = Release|Any CPU
	EndGlobalSection
	GlobalSection(ProjectConfigurationPlatforms) = postSolution
		{F6AB0E6F-4E0F-431A-9A75-252A66ED52BE}.Debug|Any CPU.ActiveCfg = Debug|Any CPU
		{F6AB0E6F-4E0F-431A-9A75-252A66ED52BE}.Debug|Any CPU.Build.0 = Debug|Any CPU
		{F6AB0E6F-4E0F-431A-9A75-252A66ED52BE}.Release|Any CPU.ActiveCfg = Release|Any CPU
		{F6AB0E6F-4E0F-431A-9A75-252A66ED52BE}.Release|Any CPU.Build.0 = Release|Any CPU
		{02AEF6C4-E63C-4C4D-B894-49ADA8D17B15}.Debug|Any CPU.ActiveCfg = Debug|Any CPU
		{02AEF6C4-E63C-4C4D-B894-49ADA8D17B15}.Debug|Any CPU.Build.0 = Debug|Any CPU
		{02AEF6C4-E63C-4C4D-B894-49ADA8D17B15}.Release|Any CPU.ActiveCfg = Release|Any CPU
		{02AEF6C4-E63C-4C4D-B894-49ADA8D17B15}.Release|Any CPU.Build.0 = Release|Any CPU
		{39CFEECC-4318-4E84-9EA0-969451DA1388}.Debug|Any CPU.ActiveCfg = Debug|Any CPU
		{39CFEECC-4318-4E84-9EA0-969451DA1388}.Debug|Any CPU.Build.0 = Debug|Any CPU
		{39CFEECC-4318-4E84-9EA0-969451DA1388}.Release|Any CPU.ActiveCfg = Release|Any CPU
		{39CFEECC-4318-4E84-9EA0-969451DA1388}.Release|Any CPU.Build.0 = Release|Any CPU
		{300E670A-9ADA-4917-8175-652A3125C08E}.Debug|Any CPU.ActiveCfg = Debug|Any CPU
		{300E670A-9ADA-4917-8175-652A3125C08E}.Debug|Any CPU.Build.0 = Debug|Any CPU
		{300E670A-9ADA-4917-8175-652A3125C08E}.Release|Any CPU.ActiveCfg = Release|Any CPU
		{300E670A-9ADA-4917-8175-652A3125C08E}.Release|Any CPU.Build.0 = Release|Any CPU
		{1967D597-5ADC-49D3-80C4-0B7D3725B74A}.Debug|Any CPU.ActiveCfg = Debug|Any CPU
		{1967D597-5ADC-49D3-80C4-0B7D3725B74A}.Debug|Any CPU.Build.0 = Debug|Any CPU
		{1967D597-5ADC-49D3-80C4-0B7D3725B74A}.Release|Any CPU.ActiveCfg = Release|Any CPU
		{1967D597-5ADC-49D3-80C4-0B7D3725B74A}.Release|Any CPU.Build.0 = Release|Any CPU
		{ECB7D84A-0933-4914-972F-F7CE1A20D9B5}.Debug|Any CPU.ActiveCfg = Debug|Any CPU
		{ECB7D84A-0933-4914-972F-F7CE1A20D9B5}.Debug|Any CPU.Build.0 = Debug|Any CPU
		{ECB7D84A-0933-4914-972F-F7CE1A20D9B5}.Release|Any CPU.ActiveCfg = Release|Any CPU
		{ECB7D84A-0933-4914-972F-F7CE1A20D9B5}.Release|Any CPU.Build.0 = Release|Any CPU
		{D7C79F1C-1C29-4836-8CF3-E6F2FFE35AA0}.Debug|Any CPU.ActiveCfg = Debug|Any CPU
		{D7C79F1C-1C29-4836-8CF3-E6F2FFE35AA0}.Debug|Any CPU.Build.0 = Debug|Any CPU
		{D7C79F1C-1C29-4836-8CF3-E6F2FFE35AA0}.Release|Any CPU.ActiveCfg = Release|Any CPU
		{D7C79F1C-1C29-4836-8CF3-E6F2FFE35AA0}.Release|Any CPU.Build.0 = Release|Any CPU
		{93F5434F-1B23-4767-9586-BD95700BA18C}.Debug|Any CPU.ActiveCfg = Debug|Any CPU
		{93F5434F-1B23-4767-9586-BD95700BA18C}.Debug|Any CPU.Build.0 = Debug|Any CPU
		{93F5434F-1B23-4767-9586-BD95700BA18C}.Release|Any CPU.ActiveCfg = Release|Any CPU
		{93F5434F-1B23-4767-9586-BD95700BA18C}.Release|Any CPU.Build.0 = Release|Any CPU
		{3A0C08F7-745B-4C6A-BCD4-12AC3E0A43BA}.Debug|Any CPU.ActiveCfg = Debug|Any CPU
		{3A0C08F7-745B-4C6A-BCD4-12AC3E0A43BA}.Debug|Any CPU.Build.0 = Debug|Any CPU
		{3A0C08F7-745B-4C6A-BCD4-12AC3E0A43BA}.Release|Any CPU.ActiveCfg = Release|Any CPU
		{3A0C08F7-745B-4C6A-BCD4-12AC3E0A43BA}.Release|Any CPU.Build.0 = Release|Any CPU
		{BB64F5B2-59FB-4C33-8986-8DFCE62BC558}.Debug|Any CPU.ActiveCfg = Debug|Any CPU
		{BB64F5B2-59FB-4C33-8986-8DFCE62BC558}.Debug|Any CPU.Build.0 = Debug|Any CPU
		{BB64F5B2-59FB-4C33-8986-8DFCE62BC558}.Release|Any CPU.ActiveCfg = Release|Any CPU
		{BB64F5B2-59FB-4C33-8986-8DFCE62BC558}.Release|Any CPU.Build.0 = Release|Any CPU
		{4A984DEA-0400-4B63-8098-0979512B3AA9}.Debug|Any CPU.ActiveCfg = Debug|Any CPU
		{4A984DEA-0400-4B63-8098-0979512B3AA9}.Debug|Any CPU.Build.0 = Debug|Any CPU
		{4A984DEA-0400-4B63-8098-0979512B3AA9}.Release|Any CPU.ActiveCfg = Release|Any CPU
		{4A984DEA-0400-4B63-8098-0979512B3AA9}.Release|Any CPU.Build.0 = Release|Any CPU
		{E489062C-BA98-495A-A107-1A5213EB55B8}.Debug|Any CPU.ActiveCfg = Debug|Any CPU
		{E489062C-BA98-495A-A107-1A5213EB55B8}.Debug|Any CPU.Build.0 = Debug|Any CPU
		{E489062C-BA98-495A-A107-1A5213EB55B8}.Release|Any CPU.ActiveCfg = Release|Any CPU
		{E489062C-BA98-495A-A107-1A5213EB55B8}.Release|Any CPU.Build.0 = Release|Any CPU
		{2828905C-CA7A-472E-AFAC-E3C4B410951D}.Debug|Any CPU.ActiveCfg = Debug|Any CPU
		{2828905C-CA7A-472E-AFAC-E3C4B410951D}.Debug|Any CPU.Build.0 = Debug|Any CPU
		{2828905C-CA7A-472E-AFAC-E3C4B410951D}.Release|Any CPU.ActiveCfg = Release|Any CPU
		{2828905C-CA7A-472E-AFAC-E3C4B410951D}.Release|Any CPU.Build.0 = Release|Any CPU
		{F69C726A-C025-489A-9045-2E9B85108509}.Debug|Any CPU.ActiveCfg = Debug|Any CPU
		{F69C726A-C025-489A-9045-2E9B85108509}.Debug|Any CPU.Build.0 = Debug|Any CPU
		{F69C726A-C025-489A-9045-2E9B85108509}.Release|Any CPU.ActiveCfg = Release|Any CPU
		{F69C726A-C025-489A-9045-2E9B85108509}.Release|Any CPU.Build.0 = Release|Any CPU
		{7A8C11AD-DDB7-4E76-86D1-1E99FB5B8A58}.Debug|Any CPU.ActiveCfg = Debug|Any CPU
		{7A8C11AD-DDB7-4E76-86D1-1E99FB5B8A58}.Debug|Any CPU.Build.0 = Debug|Any CPU
		{7A8C11AD-DDB7-4E76-86D1-1E99FB5B8A58}.Release|Any CPU.ActiveCfg = Release|Any CPU
		{7A8C11AD-DDB7-4E76-86D1-1E99FB5B8A58}.Release|Any CPU.Build.0 = Release|Any CPU
		{1B1067A0-19B9-4DC9-8256-12990438F7E7}.Debug|Any CPU.ActiveCfg = Debug|Any CPU
		{1B1067A0-19B9-4DC9-8256-12990438F7E7}.Debug|Any CPU.Build.0 = Debug|Any CPU
		{1B1067A0-19B9-4DC9-8256-12990438F7E7}.Release|Any CPU.ActiveCfg = Release|Any CPU
		{1B1067A0-19B9-4DC9-8256-12990438F7E7}.Release|Any CPU.Build.0 = Release|Any CPU
	EndGlobalSection
	GlobalSection(SolutionProperties) = preSolution
		HideSolutionNode = FALSE
	EndGlobalSection
	GlobalSection(NestedProjects) = preSolution
		{28F43C9A-048A-4F0F-9632-B6C76300DF1A} = {D54E55A1-3BC5-4019-BBDE-05BE11940796}
		{F6AB0E6F-4E0F-431A-9A75-252A66ED52BE} = {28F43C9A-048A-4F0F-9632-B6C76300DF1A}
		{CD83FE15-2924-4DE7-92FC-EB32027A5F52} = {D54E55A1-3BC5-4019-BBDE-05BE11940796}
		{02AEF6C4-E63C-4C4D-B894-49ADA8D17B15} = {CD83FE15-2924-4DE7-92FC-EB32027A5F52}
		{0C397D72-11AC-4107-84AA-B34994873410} = {D54E55A1-3BC5-4019-BBDE-05BE11940796}
		{39CFEECC-4318-4E84-9EA0-969451DA1388} = {0C397D72-11AC-4107-84AA-B34994873410}
		{9540EEBD-15B3-4903-9690-3545EA843CE0} = {D54E55A1-3BC5-4019-BBDE-05BE11940796}
		{300E670A-9ADA-4917-8175-652A3125C08E} = {9540EEBD-15B3-4903-9690-3545EA843CE0}
		{7AA406D6-6595-4F7D-98C8-D72AD01CB35F} = {D54E55A1-3BC5-4019-BBDE-05BE11940796}
		{1967D597-5ADC-49D3-80C4-0B7D3725B74A} = {7AA406D6-6595-4F7D-98C8-D72AD01CB35F}
		{ECB7D84A-0933-4914-972F-F7CE1A20D9B5} = {9540EEBD-15B3-4903-9690-3545EA843CE0}
		{D60A9BAA-A25C-4ED7-B5A9-C1DC43685962} = {D54E55A1-3BC5-4019-BBDE-05BE11940796}
		{D7C79F1C-1C29-4836-8CF3-E6F2FFE35AA0} = {D60A9BAA-A25C-4ED7-B5A9-C1DC43685962}
		{BE2A6291-D0D3-477C-9E9C-98B03E4E3257} = {D54E55A1-3BC5-4019-BBDE-05BE11940796}
		{93F5434F-1B23-4767-9586-BD95700BA18C} = {BE2A6291-D0D3-477C-9E9C-98B03E4E3257}
		{3A0C08F7-745B-4C6A-BCD4-12AC3E0A43BA} = {BE2A6291-D0D3-477C-9E9C-98B03E4E3257}
		{BB64F5B2-59FB-4C33-8986-8DFCE62BC558} = {BE2A6291-D0D3-477C-9E9C-98B03E4E3257}
		{CEA9F524-5CD9-4CEF-B03E-1C216340ABA5} = {D54E55A1-3BC5-4019-BBDE-05BE11940796}
		{4A984DEA-0400-4B63-8098-0979512B3AA9} = {CEA9F524-5CD9-4CEF-B03E-1C216340ABA5}
		{E489062C-BA98-495A-A107-1A5213EB55B8} = {CEA9F524-5CD9-4CEF-B03E-1C216340ABA5}
		{2828905C-CA7A-472E-AFAC-E3C4B410951D} = {7AA406D6-6595-4F7D-98C8-D72AD01CB35F}
		{F69C726A-C025-489A-9045-2E9B85108509} = {CEA9F524-5CD9-4CEF-B03E-1C216340ABA5}
		{7A8C11AD-DDB7-4E76-86D1-1E99FB5B8A58} = {CEA9F524-5CD9-4CEF-B03E-1C216340ABA5}
		{1B1067A0-19B9-4DC9-8256-12990438F7E7} = {CEA9F524-5CD9-4CEF-B03E-1C216340ABA5}
	EndGlobalSection
	GlobalSection(ExtensibilityGlobals) = postSolution
		SolutionGuid = {41537828-7056-48CF-8E18-E7DD73374EAB}
	EndGlobalSection
EndGlobal
